
Microsoft Visual Studio Solution File, Format Version 12.00
# Visual Studio 14
VisualStudioVersion = 14.0.25420.1
MinimumVisualStudioVersion = 10.0.40219.1
Project("{FAE04EC0-301F-11D3-BF4B-00C04F79EFBC}") = "Dinary-tree", "Dinary-tree\Dinary-tree.csproj", "{E6D6DC82-4B79-4134-B308-8E769E1DC3A3}"
EndProject
Global
	GlobalSection(SolutionConfigurationPlatforms) = preSolution
		Debug|Any CPU = Debug|Any CPU
		Release|Any CPU = Release|Any CPU
	EndGlobalSection
	GlobalSection(ProjectConfigurationPlatforms) = postSolution
		{E6D6DC82-4B79-4134-B308-8E769E1DC3A3}.Debug|Any CPU.ActiveCfg = Debug|Any CPU
		{E6D6DC82-4B79-4134-B308-8E769E1DC3A3}.Debug|Any CPU.Build.0 = Debug|Any CPU
		{E6D6DC82-4B79-4134-B308-8E769E1DC3A3}.Release|Any CPU.ActiveCfg = Release|Any CPU
		{E6D6DC82-4B79-4134-B308-8E769E1DC3A3}.Release|Any CPU.Build.0 = Release|Any CPU
	EndGlobalSection
	GlobalSection(SolutionProperties) = preSolution
		HideSolutionNode = FALSE
	EndGlobalSection
EndGlobal
